
Microsoft Visual Studio Solution File, Format Version 12.00
# Visual Studio Version 17
VisualStudioVersion = 17.14.36121.58 d17.14
MinimumVisualStudioVersion = 10.0.40219.1
Project("{FAE04EC0-301F-11D3-BF4B-00C04F79EFBC}") = "ProyectoAPI", "ProyectoAPI\ProyectoAPI.csproj", "{94217702-F0D8-4117-8284-895EF608A39C}"
EndProject
Global
	GlobalSection(SolutionConfigurationPlatforms) = preSolution
		Debug|Any CPU = Debug|Any CPU
		Release|Any CPU = Release|Any CPU
	EndGlobalSection
	GlobalSection(ProjectConfigurationPlatforms) = postSolution
		{94217702-F0D8-4117-8284-895EF608A39C}.Debug|Any CPU.ActiveCfg = Debug|Any CPU
		{94217702-F0D8-4117-8284-895EF608A39C}.Debug|Any CPU.Build.0 = Debug|Any CPU
		{94217702-F0D8-4117-8284-895EF608A39C}.Release|Any CPU.ActiveCfg = Release|Any CPU
		{94217702-F0D8-4117-8284-895EF608A39C}.Release|Any CPU.Build.0 = Release|Any CPU
	EndGlobalSection
	GlobalSection(SolutionProperties) = preSolution
		HideSolutionNode = FALSE
	EndGlobalSection
	GlobalSection(ExtensibilityGlobals) = postSolution
		SolutionGuid = {8EF2F00D-1F08-4067-AFBB-7045C11F1182}
	EndGlobalSection
EndGlobal
